// !$*UTF8*$!
{
	archiveVersion = 1;
	classes = {
	};
	objectVersion = 46;
	objects = {

/* Begin PBXBuildFile section */
		460E56781CCE7D8D005BD3FC /* UIWindow+VisibleVC.swift in Sources */ = {isa = PBXBuildFile; fileRef = 460E56771CCE7D8D005BD3FC /* UIWindow+VisibleVC.swift */; };
		46419A101CC2558E00F043EA /* beep.wav in Resources */ = {isa = PBXBuildFile; fileRef = 46419A0F1CC2558E00F043EA /* beep.wav */; };
		46419A121CC25CBC00F043EA /* tone.wav in Resources */ = {isa = PBXBuildFile; fileRef = 46419A111CC25CBC00F043EA /* tone.wav */; };
		46419A541CC26BC600F043EA /* APPViewController.m in Sources */ = {isa = PBXBuildFile; fileRef = 46419A4F1CC26BC600F043EA /* APPViewController.m */; };
		46419A551CC26BC600F043EA /* APPViewController.xib in Resources */ = {isa = PBXBuildFile; fileRef = 46419A501CC26BC600F043EA /* APPViewController.xib */; };
		46419A561CC26BC600F043EA /* APPChildViewController.m in Sources */ = {isa = PBXBuildFile; fileRef = 46419A521CC26BC600F043EA /* APPChildViewController.m */; };
		46419A571CC26BC600F043EA /* APPChildViewController.xib in Resources */ = {isa = PBXBuildFile; fileRef = 46419A531CC26BC600F043EA /* APPChildViewController.xib */; };
		466ECE771CCFCDB600F1C01D /* AlertHandler.swift in Sources */ = {isa = PBXBuildFile; fileRef = 466ECE761CCFCDB600F1C01D /* AlertHandler.swift */; };
		466ECE7D1CCFDFFE00F1C01D /* CountDownTimer.swift in Sources */ = {isa = PBXBuildFile; fileRef = 466ECE7C1CCFDFFE00F1C01D /* CountDownTimer.swift */; };
		466ECE7F1CCFE07B00F1C01D /* DelayTimer.swift in Sources */ = {isa = PBXBuildFile; fileRef = 466ECE7E1CCFE07B00F1C01D /* DelayTimer.swift */; };
		466ECE811CCFE14600F1C01D /* NotificationTimer.swift in Sources */ = {isa = PBXBuildFile; fileRef = 466ECE801CCFE14600F1C01D /* NotificationTimer.swift */; };
		466ECE831CCFE8DF00F1C01D /* TimerManager.swift in Sources */ = {isa = PBXBuildFile; fileRef = 466ECE821CCFE8DF00F1C01D /* TimerManager.swift */; };
		466ECE851CD0095E00F1C01D /* Timer.swift in Sources */ = {isa = PBXBuildFile; fileRef = 466ECE841CD0095E00F1C01D /* Timer.swift */; };
		467FC8E21CD14A52003D7FF7 /* Config.m in Sources */ = {isa = PBXBuildFile; fileRef = 467FC8E11CD14A52003D7FF7 /* Config.m */; };
		469A586B1CCA140A0070A145 /* RoundClock.swift in Sources */ = {isa = PBXBuildFile; fileRef = 469A586A1CCA140A0070A145 /* RoundClock.swift */; };
		46B684F21C83944A009C5CD1 /* AlarmManager.swift in Sources */ = {isa = PBXBuildFile; fileRef = 46B684F11C83944A009C5CD1 /* AlarmManager.swift */; };
		46B684F41C839458009C5CD1 /* DetectorManager.swift in Sources */ = {isa = PBXBuildFile; fileRef = 46B684F31C839458009C5CD1 /* DetectorManager.swift */; };
		46B684FA1C84C1FF009C5CD1 /* intruder_alarm.wav in Resources */ = {isa = PBXBuildFile; fileRef = 46B684F91C84C1FF009C5CD1 /* intruder_alarm.wav */; };
		46B684FF1C84CB86009C5CD1 /* ARAudioRecognizer.m in Sources */ = {isa = PBXBuildFile; fileRef = 46B684FD1C84CB86009C5CD1 /* ARAudioRecognizer.m */; };
		46B685011C8783B5009C5CD1 /* AVCamPreviewView.swift in Sources */ = {isa = PBXBuildFile; fileRef = 46B685001C8783B5009C5CD1 /* AVCamPreviewView.swift */; };
		46B685041C87842C009C5CD1 /* AVAutoSnap.swift in Sources */ = {isa = PBXBuildFile; fileRef = 46B685031C87842C009C5CD1 /* AVAutoSnap.swift */; };
		46B685061C8B29E7009C5CD1 /* MainRegiserSettingsViewController.swift in Sources */ = {isa = PBXBuildFile; fileRef = 46B685051C8B29E7009C5CD1 /* MainRegiserSettingsViewController.swift */; };
		46B6850B1C8B379C009C5CD1 /* UIColor+String.swift in Sources */ = {isa = PBXBuildFile; fileRef = 46B6850A1C8B379C009C5CD1 /* UIColor+String.swift */; };
		46B685111C8B3F1E009C5CD1 /* MonitorButton.swift in Sources */ = {isa = PBXBuildFile; fileRef = 46B685101C8B3F1E009C5CD1 /* MonitorButton.swift */; };
		46B685131C8B40E4009C5CD1 /* UIView+CircularAnimation.swift in Sources */ = {isa = PBXBuildFile; fileRef = 46B685121C8B40E4009C5CD1 /* UIView+CircularAnimation.swift */; };
		46B685171C8B4103009C5CD1 /* AnimationDelegate.swift in Sources */ = {isa = PBXBuildFile; fileRef = 46B685151C8B4103009C5CD1 /* AnimationDelegate.swift */; };
		46B685181C8B4103009C5CD1 /* CircularRevealAnimator.swift in Sources */ = {isa = PBXBuildFile; fileRef = 46B685161C8B4103009C5CD1 /* CircularRevealAnimator.swift */; };
		46B6851B1C8B439F009C5CD1 /* SettingsTheme.swift in Sources */ = {isa = PBXBuildFile; fileRef = 46B6851A1C8B439F009C5CD1 /* SettingsTheme.swift */; };
		46B6851D1C8B4A36009C5CD1 /* UIView+IBInspectable.swift in Sources */ = {isa = PBXBuildFile; fileRef = 46B6851C1C8B4A36009C5CD1 /* UIView+IBInspectable.swift */; };
		46B6851E1C8B67ED009C5CD1 /* GothaProReg.otf in Resources */ = {isa = PBXBuildFile; fileRef = 46B685081C8B2F12009C5CD1 /* GothaProReg.otf */; };
		46B685201C8C3BFC009C5CD1 /* Alarm.storyboard in Resources */ = {isa = PBXBuildFile; fileRef = 46B6851F1C8C3BFC009C5CD1 /* Alarm.storyboard */; };
		46B685251C8C56B0009C5CD1 /* DynamicFlyingBalls.swift in Sources */ = {isa = PBXBuildFile; fileRef = 46B685241C8C56B0009C5CD1 /* DynamicFlyingBalls.swift */; };
		46B685291C8C8FFE009C5CD1 /* SWRevealViewController.m in Sources */ = {isa = PBXBuildFile; fileRef = 46B685281C8C8FFE009C5CD1 /* SWRevealViewController.m */; };
		46B6852B1C8C9E67009C5CD1 /* AlarmMenuViewController.swift in Sources */ = {isa = PBXBuildFile; fileRef = 46B6852A1C8C9E67009C5CD1 /* AlarmMenuViewController.swift */; };
		46D0A3651CC2A2160028DE2D /* Page.m in Sources */ = {isa = PBXBuildFile; fileRef = 46D0A3641CC2A2160028DE2D /* Page.m */; };
		46D7306F1CDB4C8100A0330C /* IJProgressView.swift in Sources */ = {isa = PBXBuildFile; fileRef = 46D7306E1CDB4C8100A0330C /* IJProgressView.swift */; };
		46D730741CDBAB2800A0330C /* UIImage+animatedGIF.m in Sources */ = {isa = PBXBuildFile; fileRef = 46D730731CDBAB2800A0330C /* UIImage+animatedGIF.m */; };
		46D730781CDBBCD400A0330C /* bluetooth.gif in Resources */ = {isa = PBXBuildFile; fileRef = 46D730771CDBBCD400A0330C /* bluetooth.gif */; };
		46D9E3ED1CB57EEF0097197E /* IAPManager.swift in Sources */ = {isa = PBXBuildFile; fileRef = 46D9E3EC1CB57EEF0097197E /* IAPManager.swift */; };
		46D9E3F01CB6C06F0097197E /* JSSAlertView.swift in Sources */ = {isa = PBXBuildFile; fileRef = 46D9E3EF1CB6C06F0097197E /* JSSAlertView.swift */; };
		46D9E3F51CBC25880097197E /* MainRegisterMenuViewController.swift in Sources */ = {isa = PBXBuildFile; fileRef = 46D9E3F41CBC25880097197E /* MainRegisterMenuViewController.swift */; };
		46D9E3F81CBD726A0097197E /* MPCManager.swift in Sources */ = {isa = PBXBuildFile; fileRef = 46D9E3F71CBD726A0097197E /* MPCManager.swift */; };
		46DEED371C7E3B9F009B30E3 /* MainRegister.storyboard in Resources */ = {isa = PBXBuildFile; fileRef = 46DEED351C7E3B9F009B30E3 /* MainRegister.storyboard */; };
		46DEED391C7E3BA0009B30E3 /* Assets.xcassets in Resources */ = {isa = PBXBuildFile; fileRef = 46DEED381C7E3BA0009B30E3 /* Assets.xcassets */; };
		46DEED641C7E425A009B30E3 /* WindowsAzureMessaging.framework in Frameworks */ = {isa = PBXBuildFile; fileRef = 46DEED631C7E425A009B30E3 /* WindowsAzureMessaging.framework */; };
		46DEED6C1C7F9E15009B30E3 /* AppDelegate.swift in Sources */ = {isa = PBXBuildFile; fileRef = 46DEED311C7E3B9F009B30E3 /* AppDelegate.swift */; };
		46DEED6E1C7F9E15009B30E3 /* RegisterClient.m in Sources */ = {isa = PBXBuildFile; fileRef = 46DEED601C7E417F009B30E3 /* RegisterClient.m */; };
		46DEED6F1C7F9E15009B30E3 /* Hubs.m in Sources */ = {isa = PBXBuildFile; fileRef = 46DEED671C7E42DC009B30E3 /* Hubs.m */; };
		46DEED711C7F9E7D009B30E3 /* MainRegisterViewController.swift in Sources */ = {isa = PBXBuildFile; fileRef = 46DEED701C7F9E7D009B30E3 /* MainRegisterViewController.swift */; };
		46DEED771C7FA45F009B30E3 /* AlarmViewController.swift in Sources */ = {isa = PBXBuildFile; fileRef = 46DEED761C7FA45F009B30E3 /* AlarmViewController.swift */; };
		46FFBDC71CDF359000EFF2D0 /* Constants.swift in Sources */ = {isa = PBXBuildFile; fileRef = 46FFBDC61CDF359000EFF2D0 /* Constants.swift */; };
		46FFBDCF1CDF6E7900EFF2D0 /* GotyahUITests.swift in Sources */ = {isa = PBXBuildFile; fileRef = 46FFBDCE1CDF6E7900EFF2D0 /* GotyahUITests.swift */; };
		46FFBDD81CDF6E9000EFF2D0 /* SnapshotHelper.swift in Sources */ = {isa = PBXBuildFile; fileRef = 46FFBDD71CDF6E9000EFF2D0 /* SnapshotHelper.swift */; };
		DE7BED7EE9EF2B74C1086956 /* libPods.a in Frameworks */ = {isa = PBXBuildFile; fileRef = FACADB5EF57F0D10C699E224 /* libPods.a */; };
/* End PBXBuildFile section */

/* Begin PBXContainerItemProxy section */
		46FFBDD11CDF6E7900EFF2D0 /* PBXContainerItemProxy */ = {
			isa = PBXContainerItemProxy;
			containerPortal = 46DEED261C7E3B9F009B30E3 /* Project object */;
			proxyType = 1;
			remoteGlobalIDString = 46DEED2D1C7E3B9F009B30E3;
			remoteInfo = Gotyah;
		};
/* End PBXContainerItemProxy section */

/* Begin PBXFileReference section */
		1E215A39599922A0C783135D /* Pods.release.xcconfig */ = {isa = PBXFileReference; includeInIndex = 1; lastKnownFileType = text.xcconfig; name = Pods.release.xcconfig; path = "Pods/Target Support Files/Pods/Pods.release.xcconfig"; sourceTree = "<group>"; };
		3E3D137C92CCB485B3136429 /* Pods.debug.xcconfig */ = {isa = PBXFileReference; includeInIndex = 1; lastKnownFileType = text.xcconfig; name = Pods.debug.xcconfig; path = "Pods/Target Support Files/Pods/Pods.debug.xcconfig"; sourceTree = "<group>"; };
		460E56771CCE7D8D005BD3FC /* UIWindow+VisibleVC.swift */ = {isa = PBXFileReference; fileEncoding = 4; lastKnownFileType = sourcecode.swift; path = "UIWindow+VisibleVC.swift"; sourceTree = "<group>"; };
		46419A0F1CC2558E00F043EA /* beep.wav */ = {isa = PBXFileReference; lastKnownFileType = audio.wav; path = beep.wav; sourceTree = "<group>"; };
		46419A111CC25CBC00F043EA /* tone.wav */ = {isa = PBXFileReference; lastKnownFileType = audio.wav; path = tone.wav; sourceTree = "<group>"; };
		46419A4E1CC26BC600F043EA /* APPViewController.h */ = {isa = PBXFileReference; fileEncoding = 4; lastKnownFileType = sourcecode.c.h; path = APPViewController.h; sourceTree = "<group>"; };
		46419A4F1CC26BC600F043EA /* APPViewController.m */ = {isa = PBXFileReference; fileEncoding = 4; lastKnownFileType = sourcecode.c.objc; path = APPViewController.m; sourceTree = "<group>"; };
		46419A501CC26BC600F043EA /* APPViewController.xib */ = {isa = PBXFileReference; fileEncoding = 4; lastKnownFileType = file.xib; path = APPViewController.xib; sourceTree = "<group>"; };
		46419A511CC26BC600F043EA /* APPChildViewController.h */ = {isa = PBXFileReference; fileEncoding = 4; lastKnownFileType = sourcecode.c.h; path = APPChildViewController.h; sourceTree = "<group>"; };
		46419A521CC26BC600F043EA /* APPChildViewController.m */ = {isa = PBXFileReference; fileEncoding = 4; lastKnownFileType = sourcecode.c.objc; path = APPChildViewController.m; sourceTree = "<group>"; };
		46419A531CC26BC600F043EA /* APPChildViewController.xib */ = {isa = PBXFileReference; fileEncoding = 4; lastKnownFileType = file.xib; path = APPChildViewController.xib; sourceTree = "<group>"; };
		466ECE761CCFCDB600F1C01D /* AlertHandler.swift */ = {isa = PBXFileReference; fileEncoding = 4; lastKnownFileType = sourcecode.swift; path = AlertHandler.swift; sourceTree = "<group>"; };
		466ECE7C1CCFDFFE00F1C01D /* CountDownTimer.swift */ = {isa = PBXFileReference; fileEncoding = 4; lastKnownFileType = sourcecode.swift; path = CountDownTimer.swift; sourceTree = "<group>"; };
		466ECE7E1CCFE07B00F1C01D /* DelayTimer.swift */ = {isa = PBXFileReference; fileEncoding = 4; lastKnownFileType = sourcecode.swift; path = DelayTimer.swift; sourceTree = "<group>"; };
		466ECE801CCFE14600F1C01D /* NotificationTimer.swift */ = {isa = PBXFileReference; fileEncoding = 4; lastKnownFileType = sourcecode.swift; path = NotificationTimer.swift; sourceTree = "<group>"; };
		466ECE821CCFE8DF00F1C01D /* TimerManager.swift */ = {isa = PBXFileReference; fileEncoding = 4; lastKnownFileType = sourcecode.swift; path = TimerManager.swift; sourceTree = "<group>"; };
		466ECE841CD0095E00F1C01D /* Timer.swift */ = {isa = PBXFileReference; fileEncoding = 4; lastKnownFileType = sourcecode.swift; path = Timer.swift; sourceTree = "<group>"; };
		467FC8E01CD14A52003D7FF7 /* Config.h */ = {isa = PBXFileReference; fileEncoding = 4; lastKnownFileType = sourcecode.c.h; path = Config.h; sourceTree = "<group>"; };
		467FC8E11CD14A52003D7FF7 /* Config.m */ = {isa = PBXFileReference; fileEncoding = 4; lastKnownFileType = sourcecode.c.objc; path = Config.m; sourceTree = "<group>"; };
		469A586A1CCA140A0070A145 /* RoundClock.swift */ = {isa = PBXFileReference; fileEncoding = 4; lastKnownFileType = sourcecode.swift; path = RoundClock.swift; sourceTree = "<group>"; };
		46B684F11C83944A009C5CD1 /* AlarmManager.swift */ = {isa = PBXFileReference; fileEncoding = 4; lastKnownFileType = sourcecode.swift; path = AlarmManager.swift; sourceTree = "<group>"; };
		46B684F31C839458009C5CD1 /* DetectorManager.swift */ = {isa = PBXFileReference; fileEncoding = 4; lastKnownFileType = sourcecode.swift; path = DetectorManager.swift; sourceTree = "<group>"; };
		46B684F91C84C1FF009C5CD1 /* intruder_alarm.wav */ = {isa = PBXFileReference; lastKnownFileType = audio.wav; path = intruder_alarm.wav; sourceTree = "<group>"; };
		46B684FC1C84CB86009C5CD1 /* ARAudioRecognizer.h */ = {isa = PBXFileReference; fileEncoding = 4; lastKnownFileType = sourcecode.c.h; path = ARAudioRecognizer.h; sourceTree = "<group>"; };
		46B684FD1C84CB86009C5CD1 /* ARAudioRecognizer.m */ = {isa = PBXFileReference; fileEncoding = 4; lastKnownFileType = sourcecode.c.objc; path = ARAudioRecognizer.m; sourceTree = "<group>"; };
		46B684FE1C84CB86009C5CD1 /* ARAudioRecognizerDelegate.h */ = {isa = PBXFileReference; fileEncoding = 4; lastKnownFileType = sourcecode.c.h; path = ARAudioRecognizerDelegate.h; sourceTree = "<group>"; };
		46B685001C8783B5009C5CD1 /* AVCamPreviewView.swift */ = {isa = PBXFileReference; fileEncoding = 4; lastKnownFileType = sourcecode.swift; path = AVCamPreviewView.swift; sourceTree = "<group>"; };
		46B685031C87842C009C5CD1 /* AVAutoSnap.swift */ = {isa = PBXFileReference; fileEncoding = 4; lastKnownFileType = sourcecode.swift; path = AVAutoSnap.swift; sourceTree = "<group>"; };
		46B685051C8B29E7009C5CD1 /* MainRegiserSettingsViewController.swift */ = {isa = PBXFileReference; fileEncoding = 4; lastKnownFileType = sourcecode.swift; path = MainRegiserSettingsViewController.swift; sourceTree = "<group>"; };
		46B685081C8B2F12009C5CD1 /* GothaProReg.otf */ = {isa = PBXFileReference; lastKnownFileType = file; path = GothaProReg.otf; sourceTree = "<group>"; };
		46B6850A1C8B379C009C5CD1 /* UIColor+String.swift */ = {isa = PBXFileReference; fileEncoding = 4; lastKnownFileType = sourcecode.swift; path = "UIColor+String.swift"; sourceTree = "<group>"; };
		46B685101C8B3F1E009C5CD1 /* MonitorButton.swift */ = {isa = PBXFileReference; fileEncoding = 4; lastKnownFileType = sourcecode.swift; path = MonitorButton.swift; sourceTree = "<group>"; };
		46B685121C8B40E4009C5CD1 /* UIView+CircularAnimation.swift */ = {isa = PBXFileReference; fileEncoding = 4; lastKnownFileType = sourcecode.swift; path = "UIView+CircularAnimation.swift"; sourceTree = "<group>"; };
		46B685151C8B4103009C5CD1 /* AnimationDelegate.swift */ = {isa = PBXFileReference; fileEncoding = 4; lastKnownFileType = sourcecode.swift; path = AnimationDelegate.swift; sourceTree = "<group>"; };
		46B685161C8B4103009C5CD1 /* CircularRevealAnimator.swift */ = {isa = PBXFileReference; fileEncoding = 4; lastKnownFileType = sourcecode.swift; path = CircularRevealAnimator.swift; sourceTree = "<group>"; };
		46B6851A1C8B439F009C5CD1 /* SettingsTheme.swift */ = {isa = PBXFileReference; fileEncoding = 4; lastKnownFileType = sourcecode.swift; path = SettingsTheme.swift; sourceTree = "<group>"; };
		46B6851C1C8B4A36009C5CD1 /* UIView+IBInspectable.swift */ = {isa = PBXFileReference; fileEncoding = 4; lastKnownFileType = sourcecode.swift; path = "UIView+IBInspectable.swift"; sourceTree = "<group>"; };
		46B6851F1C8C3BFC009C5CD1 /* Alarm.storyboard */ = {isa = PBXFileReference; fileEncoding = 4; lastKnownFileType = file.storyboard; path = Alarm.storyboard; sourceTree = "<group>"; };
		46B685241C8C56B0009C5CD1 /* DynamicFlyingBalls.swift */ = {isa = PBXFileReference; fileEncoding = 4; lastKnownFileType = sourcecode.swift; path = DynamicFlyingBalls.swift; sourceTree = "<group>"; };
		46B685271C8C8FFE009C5CD1 /* SWRevealViewController.h */ = {isa = PBXFileReference; fileEncoding = 4; lastKnownFileType = sourcecode.c.h; path = SWRevealViewController.h; sourceTree = "<group>"; };
		46B685281C8C8FFE009C5CD1 /* SWRevealViewController.m */ = {isa = PBXFileReference; fileEncoding = 4; lastKnownFileType = sourcecode.c.objc; path = SWRevealViewController.m; sourceTree = "<group>"; };
		46B6852A1C8C9E67009C5CD1 /* AlarmMenuViewController.swift */ = {isa = PBXFileReference; fileEncoding = 4; lastKnownFileType = sourcecode.swift; path = AlarmMenuViewController.swift; sourceTree = "<group>"; };
		46D0A3631CC2A2160028DE2D /* Page.h */ = {isa = PBXFileReference; fileEncoding = 4; lastKnownFileType = sourcecode.c.h; path = Page.h; sourceTree = "<group>"; };
		46D0A3641CC2A2160028DE2D /* Page.m */ = {isa = PBXFileReference; fileEncoding = 4; lastKnownFileType = sourcecode.c.objc; path = Page.m; sourceTree = "<group>"; };
		46D7306E1CDB4C8100A0330C /* IJProgressView.swift */ = {isa = PBXFileReference; fileEncoding = 4; lastKnownFileType = sourcecode.swift; path = IJProgressView.swift; sourceTree = "<group>"; };
		46D730721CDBAB2800A0330C /* UIImage+animatedGIF.h */ = {isa = PBXFileReference; fileEncoding = 4; lastKnownFileType = sourcecode.c.h; path = "UIImage+animatedGIF.h"; sourceTree = "<group>"; };
		46D730731CDBAB2800A0330C /* UIImage+animatedGIF.m */ = {isa = PBXFileReference; fileEncoding = 4; lastKnownFileType = sourcecode.c.objc; path = "UIImage+animatedGIF.m"; sourceTree = "<group>"; };
		46D730771CDBBCD400A0330C /* bluetooth.gif */ = {isa = PBXFileReference; lastKnownFileType = image.gif; path = bluetooth.gif; sourceTree = "<group>"; };
		46D9E3EC1CB57EEF0097197E /* IAPManager.swift */ = {isa = PBXFileReference; fileEncoding = 4; lastKnownFileType = sourcecode.swift; path = IAPManager.swift; sourceTree = "<group>"; };
		46D9E3EF1CB6C06F0097197E /* JSSAlertView.swift */ = {isa = PBXFileReference; fileEncoding = 4; lastKnownFileType = sourcecode.swift; path = JSSAlertView.swift; sourceTree = "<group>"; };
		46D9E3F41CBC25880097197E /* MainRegisterMenuViewController.swift */ = {isa = PBXFileReference; fileEncoding = 4; lastKnownFileType = sourcecode.swift; path = MainRegisterMenuViewController.swift; sourceTree = "<group>"; };
		46D9E3F71CBD726A0097197E /* MPCManager.swift */ = {isa = PBXFileReference; fileEncoding = 4; lastKnownFileType = sourcecode.swift; path = MPCManager.swift; sourceTree = "<group>"; };
		46DEED2E1C7E3B9F009B30E3 /* Gotyah.app */ = {isa = PBXFileReference; explicitFileType = wrapper.application; includeInIndex = 0; path = Gotyah.app; sourceTree = BUILT_PRODUCTS_DIR; };
		46DEED311C7E3B9F009B30E3 /* AppDelegate.swift */ = {isa = PBXFileReference; lastKnownFileType = sourcecode.swift; path = AppDelegate.swift; sourceTree = "<group>"; };
		46DEED361C7E3B9F009B30E3 /* Base */ = {isa = PBXFileReference; lastKnownFileType = file.storyboard; name = Base; path = Base.lproj/MainRegister.storyboard; sourceTree = "<group>"; };
		46DEED381C7E3BA0009B30E3 /* Assets.xcassets */ = {isa = PBXFileReference; lastKnownFileType = folder.assetcatalog; path = Assets.xcassets; sourceTree = "<group>"; };
		46DEED3D1C7E3BA0009B30E3 /* Info.plist */ = {isa = PBXFileReference; lastKnownFileType = text.plist.xml; path = Info.plist; sourceTree = "<group>"; };
		46DEED5F1C7E417E009B30E3 /* DeviceMotionNotifier-Bridging-Header.h */ = {isa = PBXFileReference; lastKnownFileType = sourcecode.c.h; path = "DeviceMotionNotifier-Bridging-Header.h"; sourceTree = "<group>"; };
		46DEED601C7E417F009B30E3 /* RegisterClient.m */ = {isa = PBXFileReference; fileEncoding = 4; lastKnownFileType = sourcecode.c.objc; path = RegisterClient.m; sourceTree = "<group>"; };
		46DEED621C7E41D7009B30E3 /* RegisterClient.h */ = {isa = PBXFileReference; fileEncoding = 4; lastKnownFileType = sourcecode.c.h; name = RegisterClient.h; path = ../RegisterClient.h; sourceTree = "<group>"; };
		46DEED631C7E425A009B30E3 /* WindowsAzureMessaging.framework */ = {isa = PBXFileReference; lastKnownFileType = wrapper.framework; path = WindowsAzureMessaging.framework; sourceTree = "<group>"; };
		46DEED651C7E4266009B30E3 /* HubInfo.h */ = {isa = PBXFileReference; fileEncoding = 4; lastKnownFileType = sourcecode.c.h; path = HubInfo.h; sourceTree = "<group>"; };
		46DEED661C7E42DC009B30E3 /* Hubs.h */ = {isa = PBXFileReference; fileEncoding = 4; lastKnownFileType = sourcecode.c.h; path = Hubs.h; sourceTree = "<group>"; };
		46DEED671C7E42DC009B30E3 /* Hubs.m */ = {isa = PBXFileReference; fileEncoding = 4; lastKnownFileType = sourcecode.c.objc; path = Hubs.m; sourceTree = "<group>"; };
		46DEED701C7F9E7D009B30E3 /* MainRegisterViewController.swift */ = {isa = PBXFileReference; fileEncoding = 4; lastKnownFileType = sourcecode.swift; path = MainRegisterViewController.swift; sourceTree = "<group>"; };
		46DEED761C7FA45F009B30E3 /* AlarmViewController.swift */ = {isa = PBXFileReference; fileEncoding = 4; lastKnownFileType = sourcecode.swift; path = AlarmViewController.swift; sourceTree = "<group>"; };
		46FFBDC61CDF359000EFF2D0 /* Constants.swift */ = {isa = PBXFileReference; fileEncoding = 4; lastKnownFileType = sourcecode.swift; path = Constants.swift; sourceTree = "<group>"; };
		46FFBDCC1CDF6E7900EFF2D0 /* GotyahUITests.xctest */ = {isa = PBXFileReference; explicitFileType = wrapper.cfbundle; includeInIndex = 0; path = GotyahUITests.xctest; sourceTree = BUILT_PRODUCTS_DIR; };
		46FFBDCE1CDF6E7900EFF2D0 /* GotyahUITests.swift */ = {isa = PBXFileReference; lastKnownFileType = sourcecode.swift; path = GotyahUITests.swift; sourceTree = "<group>"; };
		46FFBDD01CDF6E7900EFF2D0 /* Info.plist */ = {isa = PBXFileReference; lastKnownFileType = text.plist.xml; path = Info.plist; sourceTree = "<group>"; };
		46FFBDD71CDF6E9000EFF2D0 /* SnapshotHelper.swift */ = {isa = PBXFileReference; fileEncoding = 4; lastKnownFileType = sourcecode.swift; path = SnapshotHelper.swift; sourceTree = "<group>"; };
		FACADB5EF57F0D10C699E224 /* libPods.a */ = {isa = PBXFileReference; explicitFileType = archive.ar; includeInIndex = 0; path = libPods.a; sourceTree = BUILT_PRODUCTS_DIR; };
/* End PBXFileReference section */

/* Begin PBXFrameworksBuildPhase section */
		46DEED2B1C7E3B9F009B30E3 /* Frameworks */ = {
			isa = PBXFrameworksBuildPhase;
			buildActionMask = 2147483647;
			files = (
				46DEED641C7E425A009B30E3 /* WindowsAzureMessaging.framework in Frameworks */,
				DE7BED7EE9EF2B74C1086956 /* libPods.a in Frameworks */,
			);
			runOnlyForDeploymentPostprocessing = 0;
		};
		46FFBDC91CDF6E7900EFF2D0 /* Frameworks */ = {
			isa = PBXFrameworksBuildPhase;
			buildActionMask = 2147483647;
			files = (
			);
			runOnlyForDeploymentPostprocessing = 0;
		};
/* End PBXFrameworksBuildPhase section */

/* Begin PBXGroup section */
		32ED9D0A01F487AA6CE402A4 /* Frameworks */ = {
			isa = PBXGroup;
			children = (
				FACADB5EF57F0D10C699E224 /* libPods.a */,
			);
			name = Frameworks;
			sourceTree = "<group>";
		};
		46419A4D1CC26BBC00F043EA /* Welcome */ = {
			isa = PBXGroup;
			children = (
				46419A4E1CC26BC600F043EA /* APPViewController.h */,
				46419A4F1CC26BC600F043EA /* APPViewController.m */,
				46419A501CC26BC600F043EA /* APPViewController.xib */,
				46419A511CC26BC600F043EA /* APPChildViewController.h */,
				46419A521CC26BC600F043EA /* APPChildViewController.m */,
				46419A531CC26BC600F043EA /* APPChildViewController.xib */,
				46D0A3631CC2A2160028DE2D /* Page.h */,
				46D0A3641CC2A2160028DE2D /* Page.m */,
			);
			name = Welcome;
			sourceTree = "<group>";
		};
		466ECE7B1CCFDFE700F1C01D /* Timers */ = {
			isa = PBXGroup;
			children = (
				466ECE841CD0095E00F1C01D /* Timer.swift */,
				466ECE7C1CCFDFFE00F1C01D /* CountDownTimer.swift */,
				466ECE7E1CCFE07B00F1C01D /* DelayTimer.swift */,
				466ECE801CCFE14600F1C01D /* NotificationTimer.swift */,
			);
			name = Timers;
			sourceTree = "<group>";
		};
		46B684ED1C8393BB009C5CD1 /* Model */ = {
			isa = PBXGroup;
			children = (
				46B684F11C83944A009C5CD1 /* AlarmManager.swift */,
				466ECE821CCFE8DF00F1C01D /* TimerManager.swift */,
				46B684F31C839458009C5CD1 /* DetectorManager.swift */,
				466ECE761CCFCDB600F1C01D /* AlertHandler.swift */,
				466ECE7B1CCFDFE700F1C01D /* Timers */,
				46B685021C8783E7009C5CD1 /* AlarmFeatures */,
			);
			name = Model;
			sourceTree = "<group>";
		};
		46B684EE1C8393CE009C5CD1 /* Control */ = {
			isa = PBXGroup;
			children = (
				46419A4D1CC26BBC00F043EA /* Welcome */,
				46B685211C8C518A009C5CD1 /* MainRegister */,
				46B685231C8C51A8009C5CD1 /* Alarm */,
			);
			name = Control;
			sourceTree = "<group>";
		};
		46B684EF1C8393D6009C5CD1 /* View */ = {
			isa = PBXGroup;
			children = (
				46DEED351C7E3B9F009B30E3 /* MainRegister.storyboard */,
				46B6851F1C8C3BFC009C5CD1 /* Alarm.storyboard */,
			);
			name = View;
			sourceTree = "<group>";
		};
		46B684F01C8393F9009C5CD1 /* Webservice */ = {
			isa = PBXGroup;
			children = (
				46DEED651C7E4266009B30E3 /* HubInfo.h */,
				46DEED621C7E41D7009B30E3 /* RegisterClient.h */,
				46DEED601C7E417F009B30E3 /* RegisterClient.m */,
				46DEED661C7E42DC009B30E3 /* Hubs.h */,
				46DEED671C7E42DC009B30E3 /* Hubs.m */,
			);
			name = Webservice;
			sourceTree = "<group>";
		};
		46B684F51C84BA84009C5CD1 /* Resources */ = {
			isa = PBXGroup;
			children = (
				46D730771CDBBCD400A0330C /* bluetooth.gif */,
				46B685081C8B2F12009C5CD1 /* GothaProReg.otf */,
				46B684F91C84C1FF009C5CD1 /* intruder_alarm.wav */,
				46419A0F1CC2558E00F043EA /* beep.wav */,
				46419A111CC25CBC00F043EA /* tone.wav */,
			);
			name = Resources;
			sourceTree = "<group>";
		};
		46B684FB1C84CB59009C5CD1 /* Thirdparty */ = {
			isa = PBXGroup;
			children = (
				46D7306D1CDB4C6800A0330C /* IJProgressView */,
				46D9E3F61CBD725D0097197E /* MPC */,
				46D9E3F11CBC18C30097197E /* ARAudioRecognizer */,
				46D9E3EE1CB59C6D0097197E /* JSSAlertView */,
			);
			name = Thirdparty;
			sourceTree = "<group>";
		};
		46B685021C8783E7009C5CD1 /* AlarmFeatures */ = {
			isa = PBXGroup;
			children = (
				46B685001C8783B5009C5CD1 /* AVCamPreviewView.swift */,
				46B685031C87842C009C5CD1 /* AVAutoSnap.swift */,
			);
			name = AlarmFeatures;
			sourceTree = "<group>";
		};
		46B685091C8B3787009C5CD1 /* Extension */ = {
			isa = PBXGroup;
			children = (
				46B6850A1C8B379C009C5CD1 /* UIColor+String.swift */,
				46B685121C8B40E4009C5CD1 /* UIView+CircularAnimation.swift */,
				46B6851C1C8B4A36009C5CD1 /* UIView+IBInspectable.swift */,
				460E56771CCE7D8D005BD3FC /* UIWindow+VisibleVC.swift */,
				46D730721CDBAB2800A0330C /* UIImage+animatedGIF.h */,
				46D730731CDBAB2800A0330C /* UIImage+animatedGIF.m */,
			);
			name = Extension;
			sourceTree = "<group>";
		};
		46B685141C8B40F7009C5CD1 /* Animations */ = {
			isa = PBXGroup;
			children = (
				46B685271C8C8FFE009C5CD1 /* SWRevealViewController.h */,
				46B685281C8C8FFE009C5CD1 /* SWRevealViewController.m */,
				46B685151C8B4103009C5CD1 /* AnimationDelegate.swift */,
				46B685161C8B4103009C5CD1 /* CircularRevealAnimator.swift */,
				46B685241C8C56B0009C5CD1 /* DynamicFlyingBalls.swift */,
				46B685101C8B3F1E009C5CD1 /* MonitorButton.swift */,
				469A586A1CCA140A0070A145 /* RoundClock.swift */,
			);
			name = Animations;
			sourceTree = "<group>";
		};
		46B685191C8B4390009C5CD1 /* ViewModel */ = {
			isa = PBXGroup;
			children = (
				46B6851A1C8B439F009C5CD1 /* SettingsTheme.swift */,
			);
			name = ViewModel;
			sourceTree = "<group>";
		};
		46B685211C8C518A009C5CD1 /* MainRegister */ = {
			isa = PBXGroup;
			children = (
				46DEED701C7F9E7D009B30E3 /* MainRegisterViewController.swift */,
				46B685051C8B29E7009C5CD1 /* MainRegiserSettingsViewController.swift */,
				46D9E3F41CBC25880097197E /* MainRegisterMenuViewController.swift */,
			);
			name = MainRegister;
			sourceTree = "<group>";
		};
		46B685231C8C51A8009C5CD1 /* Alarm */ = {
			isa = PBXGroup;
			children = (
				46DEED761C7FA45F009B30E3 /* AlarmViewController.swift */,
				46B6852A1C8C9E67009C5CD1 /* AlarmMenuViewController.swift */,
			);
			name = Alarm;
			sourceTree = "<group>";
		};
		46D7306D1CDB4C6800A0330C /* IJProgressView */ = {
			isa = PBXGroup;
			children = (
				46D7306E1CDB4C8100A0330C /* IJProgressView.swift */,
			);
			name = IJProgressView;
			sourceTree = "<group>";
		};
		46D9E3E81CB57E9F0097197E /* Purchases */ = {
			isa = PBXGroup;
			children = (
				46D9E3EC1CB57EEF0097197E /* IAPManager.swift */,
			);
			name = Purchases;
			sourceTree = "<group>";
		};
		46D9E3EE1CB59C6D0097197E /* JSSAlertView */ = {
			isa = PBXGroup;
			children = (
				46D9E3EF1CB6C06F0097197E /* JSSAlertView.swift */,
			);
			name = JSSAlertView;
			sourceTree = "<group>";
		};
		46D9E3F11CBC18C30097197E /* ARAudioRecognizer */ = {
			isa = PBXGroup;
			children = (
				46B684FC1C84CB86009C5CD1 /* ARAudioRecognizer.h */,
				46B684FD1C84CB86009C5CD1 /* ARAudioRecognizer.m */,
				46B684FE1C84CB86009C5CD1 /* ARAudioRecognizerDelegate.h */,
			);
			name = ARAudioRecognizer;
			sourceTree = "<group>";
		};
		46D9E3F61CBD725D0097197E /* MPC */ = {
			isa = PBXGroup;
			children = (
				46D9E3F71CBD726A0097197E /* MPCManager.swift */,
			);
			name = MPC;
			sourceTree = "<group>";
		};
		46DEED251C7E3B9F009B30E3 = {
			isa = PBXGroup;
			children = (
				46DEED631C7E425A009B30E3 /* WindowsAzureMessaging.framework */,
				46DEED301C7E3B9F009B30E3 /* DeviceMotionNotifier */,
				46FFBDCD1CDF6E7900EFF2D0 /* GotyahUITests */,
				46DEED2F1C7E3B9F009B30E3 /* Products */,
				AF9D9FB62DCC889A06B15D28 /* Pods */,
				32ED9D0A01F487AA6CE402A4 /* Frameworks */,
			);
			sourceTree = "<group>";
		};
		46DEED2F1C7E3B9F009B30E3 /* Products */ = {
			isa = PBXGroup;
			children = (
				46DEED2E1C7E3B9F009B30E3 /* Gotyah.app */,
				46FFBDCC1CDF6E7900EFF2D0 /* GotyahUITests.xctest */,
			);
			name = Products;
			sourceTree = "<group>";
		};
		46DEED301C7E3B9F009B30E3 /* DeviceMotionNotifier */ = {
			isa = PBXGroup;
			children = (
				46D9E3E81CB57E9F0097197E /* Purchases */,
				46B685191C8B4390009C5CD1 /* ViewModel */,
				46B685141C8B40F7009C5CD1 /* Animations */,
				46B685091C8B3787009C5CD1 /* Extension */,
				46B684F01C8393F9009C5CD1 /* Webservice */,
				46B684FB1C84CB59009C5CD1 /* Thirdparty */,
				46B684F51C84BA84009C5CD1 /* Resources */,
				46B684EF1C8393D6009C5CD1 /* View */,
				46B684EE1C8393CE009C5CD1 /* Control */,
				46B684ED1C8393BB009C5CD1 /* Model */,
				46DEED311C7E3B9F009B30E3 /* AppDelegate.swift */,
				467FC8E01CD14A52003D7FF7 /* Config.h */,
				467FC8E11CD14A52003D7FF7 /* Config.m */,
				46FFBDC61CDF359000EFF2D0 /* Constants.swift */,
				46DEED381C7E3BA0009B30E3 /* Assets.xcassets */,
				46DEED3D1C7E3BA0009B30E3 /* Info.plist */,
				46DEED5F1C7E417E009B30E3 /* DeviceMotionNotifier-Bridging-Header.h */,
			);
			path = DeviceMotionNotifier;
			sourceTree = "<group>";
		};
		46FFBDCD1CDF6E7900EFF2D0 /* GotyahUITests */ = {
			isa = PBXGroup;
			children = (
				46FFBDD71CDF6E9000EFF2D0 /* SnapshotHelper.swift */,
				46FFBDCE1CDF6E7900EFF2D0 /* GotyahUITests.swift */,
				46FFBDD01CDF6E7900EFF2D0 /* Info.plist */,
			);
			path = GotyahUITests;
			sourceTree = "<group>";
		};
		AF9D9FB62DCC889A06B15D28 /* Pods */ = {
			isa = PBXGroup;
			children = (
				3E3D137C92CCB485B3136429 /* Pods.debug.xcconfig */,
				1E215A39599922A0C783135D /* Pods.release.xcconfig */,
			);
			name = Pods;
			sourceTree = "<group>";
		};
/* End PBXGroup section */

/* Begin PBXNativeTarget section */
		46DEED2D1C7E3B9F009B30E3 /* Gotyah */ = {
			isa = PBXNativeTarget;
			buildConfigurationList = 46DEED561C7E3BA0009B30E3 /* Build configuration list for PBXNativeTarget "Gotyah" */;
			buildPhases = (
				11AF9316BFDC5BE37AC04E1C /* Check Pods Manifest.lock */,
				46DEED2A1C7E3B9F009B30E3 /* Sources */,
				46DEED2B1C7E3B9F009B30E3 /* Frameworks */,
				46DEED2C1C7E3B9F009B30E3 /* Resources */,
				74196F832F02344288837127 /* Embed Pods Frameworks */,
				5DBCDB9FCA5E1BDC404E5298 /* Copy Pods Resources */,
				46DF5AAD1CD9081500449517 /* ShellScript */,
			);
			buildRules = (
			);
			dependencies = (
			);
			name = Gotyah;
			productName = DeviceMotionNotifier;
			productReference = 46DEED2E1C7E3B9F009B30E3 /* Gotyah.app */;
			productType = "com.apple.product-type.application";
		};
		46FFBDCB1CDF6E7900EFF2D0 /* GotyahUITests */ = {
			isa = PBXNativeTarget;
			buildConfigurationList = 46FFBDD31CDF6E7900EFF2D0 /* Build configuration list for PBXNativeTarget "GotyahUITests" */;
			buildPhases = (
				46FFBDC81CDF6E7900EFF2D0 /* Sources */,
				46FFBDC91CDF6E7900EFF2D0 /* Frameworks */,
				46FFBDCA1CDF6E7900EFF2D0 /* Resources */,
			);
			buildRules = (
			);
			dependencies = (
				46FFBDD21CDF6E7900EFF2D0 /* PBXTargetDependency */,
			);
			name = GotyahUITests;
			productName = GotyahUITests;
			productReference = 46FFBDCC1CDF6E7900EFF2D0 /* GotyahUITests.xctest */;
			productType = "com.apple.product-type.bundle.ui-testing";
		};
/* End PBXNativeTarget section */

/* Begin PBXProject section */
		46DEED261C7E3B9F009B30E3 /* Project object */ = {
			isa = PBXProject;
			attributes = {
				LastSwiftUpdateCheck = 0730;
				LastUpgradeCheck = 0720;
				ORGANIZATIONNAME = "David Buhauer";
				TargetAttributes = {
					46DEED2D1C7E3B9F009B30E3 = {
						CreatedOnToolsVersion = 7.2.1;
						DevelopmentTeam = WC3CDPK7H2;
						SystemCapabilities = {
							com.apple.BackgroundModes = {
								enabled = 1;
							};
						};
					};
					46FFBDCB1CDF6E7900EFF2D0 = {
						CreatedOnToolsVersion = 7.3;
						TestTargetID = 46DEED2D1C7E3B9F009B30E3;
					};
				};
			};
			buildConfigurationList = 46DEED291C7E3B9F009B30E3 /* Build configuration list for PBXProject "Gotyah" */;
			compatibilityVersion = "Xcode 3.2";
			developmentRegion = English;
			hasScannedForEncodings = 0;
			knownRegions = (
				en,
				Base,
			);
			mainGroup = 46DEED251C7E3B9F009B30E3;
			productRefGroup = 46DEED2F1C7E3B9F009B30E3 /* Products */;
			projectDirPath = "";
			projectRoot = "";
			targets = (
				46DEED2D1C7E3B9F009B30E3 /* Gotyah */,
				46FFBDCB1CDF6E7900EFF2D0 /* GotyahUITests */,
			);
		};
/* End PBXProject section */

/* Begin PBXResourcesBuildPhase section */
		46DEED2C1C7E3B9F009B30E3 /* Resources */ = {
			isa = PBXResourcesBuildPhase;
			buildActionMask = 2147483647;
			files = (
				46B6851E1C8B67ED009C5CD1 /* GothaProReg.otf in Resources */,
				46B684FA1C84C1FF009C5CD1 /* intruder_alarm.wav in Resources */,
				46D730781CDBBCD400A0330C /* bluetooth.gif in Resources */,
				46419A551CC26BC600F043EA /* APPViewController.xib in Resources */,
				46419A121CC25CBC00F043EA /* tone.wav in Resources */,
				46DEED391C7E3BA0009B30E3 /* Assets.xcassets in Resources */,
				46419A101CC2558E00F043EA /* beep.wav in Resources */,
				46419A571CC26BC600F043EA /* APPChildViewController.xib in Resources */,
				46DEED371C7E3B9F009B30E3 /* MainRegister.storyboard in Resources */,
				46B685201C8C3BFC009C5CD1 /* Alarm.storyboard in Resources */,
			);
			runOnlyForDeploymentPostprocessing = 0;
		};
		46FFBDCA1CDF6E7900EFF2D0 /* Resources */ = {
			isa = PBXResourcesBuildPhase;
			buildActionMask = 2147483647;
			files = (
			);
			runOnlyForDeploymentPostprocessing = 0;
		};
/* End PBXResourcesBuildPhase section */

/* Begin PBXShellScriptBuildPhase section */
		11AF9316BFDC5BE37AC04E1C /* Check Pods Manifest.lock */ = {
			isa = PBXShellScriptBuildPhase;
			buildActionMask = 2147483647;
			files = (
			);
			inputPaths = (
			);
			name = "Check Pods Manifest.lock";
			outputPaths = (
			);
			runOnlyForDeploymentPostprocessing = 0;
			shellPath = /bin/sh;
			shellScript = "diff \"${PODS_ROOT}/../Podfile.lock\" \"${PODS_ROOT}/Manifest.lock\" > /dev/null\nif [[ $? != 0 ]] ; then\n    cat << EOM\nerror: The sandbox is not in sync with the Podfile.lock. Run 'pod install' or update your CocoaPods installation.\nEOM\n    exit 1\nfi\n";
			showEnvVarsInLog = 0;
		};
		46DF5AAD1CD9081500449517 /* ShellScript */ = {
			isa = PBXShellScriptBuildPhase;
			buildActionMask = 2147483647;
			files = (
			);
			inputPaths = (
			);
			outputPaths = (
			);
			runOnlyForDeploymentPostprocessing = 0;
			shellPath = /bin/sh;
			shellScript = "\"${PODS_ROOT}/Fabric/run\" 31c24a769e20f5da0788a7e0fca7c731512e4dce c03978db58fa2faf73ab180afc4eb741e89db42e0c304f4aab504b113f266876";
		};
		5DBCDB9FCA5E1BDC404E5298 /* Copy Pods Resources */ = {
			isa = PBXShellScriptBuildPhase;
			buildActionMask = 2147483647;
			files = (
			);
			inputPaths = (
			);
			name = "Copy Pods Resources";
			outputPaths = (
			);
			runOnlyForDeploymentPostprocessing = 0;
			shellPath = /bin/sh;
			shellScript = "\"${SRCROOT}/Pods/Target Support Files/Pods/Pods-resources.sh\"\n";
			showEnvVarsInLog = 0;
		};
		74196F832F02344288837127 /* Embed Pods Frameworks */ = {
			isa = PBXShellScriptBuildPhase;
			buildActionMask = 2147483647;
			files = (
			);
			inputPaths = (
			);
			name = "Embed Pods Frameworks";
			outputPaths = (
			);
			runOnlyForDeploymentPostprocessing = 0;
			shellPath = /bin/sh;
			shellScript = "\"${SRCROOT}/Pods/Target Support Files/Pods/Pods-frameworks.sh\"\n";
			showEnvVarsInLog = 0;
		};
/* End PBXShellScriptBuildPhase section */

/* Begin PBXSourcesBuildPhase section */
		46DEED2A1C7E3B9F009B30E3 /* Sources */ = {
			isa = PBXSourcesBuildPhase;
			buildActionMask = 2147483647;
			files = (
				46D0A3651CC2A2160028DE2D /* Page.m in Sources */,
				466ECE831CCFE8DF00F1C01D /* TimerManager.swift in Sources */,
				46D9E3F01CB6C06F0097197E /* JSSAlertView.swift in Sources */,
				466ECE811CCFE14600F1C01D /* NotificationTimer.swift in Sources */,
				46D9E3F51CBC25880097197E /* MainRegisterMenuViewController.swift in Sources */,
				46D9E3F81CBD726A0097197E /* MPCManager.swift in Sources */,
				46D7306F1CDB4C8100A0330C /* IJProgressView.swift in Sources */,
				460E56781CCE7D8D005BD3FC /* UIWindow+VisibleVC.swift in Sources */,
				469A586B1CCA140A0070A145 /* RoundClock.swift in Sources */,
				46B685011C8783B5009C5CD1 /* AVCamPreviewView.swift in Sources */,
				46B6851B1C8B439F009C5CD1 /* SettingsTheme.swift in Sources */,
				46D9E3ED1CB57EEF0097197E /* IAPManager.swift in Sources */,
				46B685291C8C8FFE009C5CD1 /* SWRevealViewController.m in Sources */,
				46D730741CDBAB2800A0330C /* UIImage+animatedGIF.m in Sources */,
				46419A561CC26BC600F043EA /* APPChildViewController.m in Sources */,
				46FFBDC71CDF359000EFF2D0 /* Constants.swift in Sources */,
				46B6851D1C8B4A36009C5CD1 /* UIView+IBInspectable.swift in Sources */,
				46DEED771C7FA45F009B30E3 /* AlarmViewController.swift in Sources */,
				467FC8E21CD14A52003D7FF7 /* Config.m in Sources */,
				466ECE851CD0095E00F1C01D /* Timer.swift in Sources */,
				46DEED711C7F9E7D009B30E3 /* MainRegisterViewController.swift in Sources */,
				46B6852B1C8C9E67009C5CD1 /* AlarmMenuViewController.swift in Sources */,
				46B6850B1C8B379C009C5CD1 /* UIColor+String.swift in Sources */,
				466ECE7D1CCFDFFE00F1C01D /* CountDownTimer.swift in Sources */,
				46B685171C8B4103009C5CD1 /* AnimationDelegate.swift in Sources */,
				46419A541CC26BC600F043EA /* APPViewController.m in Sources */,
				46B684FF1C84CB86009C5CD1 /* ARAudioRecognizer.m in Sources */,
				466ECE771CCFCDB600F1C01D /* AlertHandler.swift in Sources */,
				46DEED6C1C7F9E15009B30E3 /* AppDelegate.swift in Sources */,
				46DEED6E1C7F9E15009B30E3 /* RegisterClient.m in Sources */,
				46B685251C8C56B0009C5CD1 /* DynamicFlyingBalls.swift in Sources */,
				46B685111C8B3F1E009C5CD1 /* MonitorButton.swift in Sources */,
				46B684F41C839458009C5CD1 /* DetectorManager.swift in Sources */,
				46B684F21C83944A009C5CD1 /* AlarmManager.swift in Sources */,
				46B685041C87842C009C5CD1 /* AVAutoSnap.swift in Sources */,
				46B685061C8B29E7009C5CD1 /* MainRegiserSettingsViewController.swift in Sources */,
				46B685181C8B4103009C5CD1 /* CircularRevealAnimator.swift in Sources */,
				46DEED6F1C7F9E15009B30E3 /* Hubs.m in Sources */,
				466ECE7F1CCFE07B00F1C01D /* DelayTimer.swift in Sources */,
				46B685131C8B40E4009C5CD1 /* UIView+CircularAnimation.swift in Sources */,
			);
			runOnlyForDeploymentPostprocessing = 0;
		};
		46FFBDC81CDF6E7900EFF2D0 /* Sources */ = {
			isa = PBXSourcesBuildPhase;
			buildActionMask = 2147483647;
			files = (
				46FFBDCF1CDF6E7900EFF2D0 /* GotyahUITests.swift in Sources */,
				46FFBDD81CDF6E9000EFF2D0 /* SnapshotHelper.swift in Sources */,
			);
			runOnlyForDeploymentPostprocessing = 0;
		};
/* End PBXSourcesBuildPhase section */

/* Begin PBXTargetDependency section */
		46FFBDD21CDF6E7900EFF2D0 /* PBXTargetDependency */ = {
			isa = PBXTargetDependency;
			target = 46DEED2D1C7E3B9F009B30E3 /* Gotyah */;
			targetProxy = 46FFBDD11CDF6E7900EFF2D0 /* PBXContainerItemProxy */;
		};
/* End PBXTargetDependency section */

/* Begin PBXVariantGroup section */
		46DEED351C7E3B9F009B30E3 /* MainRegister.storyboard */ = {
			isa = PBXVariantGroup;
			children = (
				46DEED361C7E3B9F009B30E3 /* Base */,
			);
			name = MainRegister.storyboard;
			sourceTree = "<group>";
		};
/* End PBXVariantGroup section */

/* Begin XCBuildConfiguration section */
		46DEED541C7E3BA0009B30E3 /* Debug */ = {
			isa = XCBuildConfiguration;
			buildSettings = {
				ALWAYS_SEARCH_USER_PATHS = NO;
				CLANG_CXX_LANGUAGE_STANDARD = "gnu++0x";
				CLANG_CXX_LIBRARY = "libc++";
				CLANG_ENABLE_MODULES = YES;
				CLANG_ENABLE_OBJC_ARC = YES;
				CLANG_WARN_BOOL_CONVERSION = YES;
				CLANG_WARN_CONSTANT_CONVERSION = YES;
				CLANG_WARN_DIRECT_OBJC_ISA_USAGE = YES_ERROR;
				CLANG_WARN_EMPTY_BODY = YES;
				CLANG_WARN_ENUM_CONVERSION = YES;
				CLANG_WARN_INT_CONVERSION = YES;
				CLANG_WARN_OBJC_ROOT_CLASS = YES_ERROR;
				CLANG_WARN_UNREACHABLE_CODE = YES;
				CLANG_WARN__DUPLICATE_METHOD_MATCH = YES;
				"CODE_SIGN_IDENTITY[sdk=iphoneos*]" = "iPhone Developer";
				COPY_PHASE_STRIP = NO;
				DEBUG_INFORMATION_FORMAT = "dwarf-with-dsym";
				ENABLE_STRICT_OBJC_MSGSEND = YES;
				ENABLE_TESTABILITY = YES;
				GCC_C_LANGUAGE_STANDARD = gnu99;
				GCC_DYNAMIC_NO_PIC = NO;
				GCC_NO_COMMON_BLOCKS = YES;
				GCC_OPTIMIZATION_LEVEL = 0;
				GCC_PREPROCESSOR_DEFINITIONS = (
					"DEBUG=1",
					"$(inherited)",
				);
				GCC_WARN_64_TO_32_BIT_CONVERSION = YES;
				GCC_WARN_ABOUT_RETURN_TYPE = YES_ERROR;
				GCC_WARN_UNDECLARED_SELECTOR = YES;
				GCC_WARN_UNINITIALIZED_AUTOS = YES_AGGRESSIVE;
				GCC_WARN_UNUSED_FUNCTION = YES;
				GCC_WARN_UNUSED_VARIABLE = YES;
				IPHONEOS_DEPLOYMENT_TARGET = 9.0;
				MTL_ENABLE_DEBUG_INFO = YES;
				ONLY_ACTIVE_ARCH = YES;
				SDKROOT = iphoneos;
				SWIFT_OPTIMIZATION_LEVEL = "-Onone";
			};
			name = Debug;
		};
		46DEED551C7E3BA0009B30E3 /* Release */ = {
			isa = XCBuildConfiguration;
			buildSettings = {
				ALWAYS_SEARCH_USER_PATHS = NO;
				CLANG_CXX_LANGUAGE_STANDARD = "gnu++0x";
				CLANG_CXX_LIBRARY = "libc++";
				CLANG_ENABLE_MODULES = YES;
				CLANG_ENABLE_OBJC_ARC = YES;
				CLANG_WARN_BOOL_CONVERSION = YES;
				CLANG_WARN_CONSTANT_CONVERSION = YES;
				CLANG_WARN_DIRECT_OBJC_ISA_USAGE = YES_ERROR;
				CLANG_WARN_EMPTY_BODY = YES;
				CLANG_WARN_ENUM_CONVERSION = YES;
				CLANG_WARN_INT_CONVERSION = YES;
				CLANG_WARN_OBJC_ROOT_CLASS = YES_ERROR;
				CLANG_WARN_UNREACHABLE_CODE = YES;
				CLANG_WARN__DUPLICATE_METHOD_MATCH = YES;
				"CODE_SIGN_IDENTITY[sdk=iphoneos*]" = "iPhone Developer";
				COPY_PHASE_STRIP = NO;
				DEBUG_INFORMATION_FORMAT = "dwarf-with-dsym";
				ENABLE_NS_ASSERTIONS = NO;
				ENABLE_STRICT_OBJC_MSGSEND = YES;
				GCC_C_LANGUAGE_STANDARD = gnu99;
				GCC_NO_COMMON_BLOCKS = YES;
				GCC_PREPROCESSOR_DEFINITIONS = "RELEASE=1";
				GCC_WARN_64_TO_32_BIT_CONVERSION = YES;
				GCC_WARN_ABOUT_RETURN_TYPE = YES_ERROR;
				GCC_WARN_UNDECLARED_SELECTOR = YES;
				GCC_WARN_UNINITIALIZED_AUTOS = YES_AGGRESSIVE;
				GCC_WARN_UNUSED_FUNCTION = YES;
				GCC_WARN_UNUSED_VARIABLE = YES;
				IPHONEOS_DEPLOYMENT_TARGET = 9.0;
				MTL_ENABLE_DEBUG_INFO = NO;
				SDKROOT = iphoneos;
				VALIDATE_PRODUCT = YES;
			};
			name = Release;
		};
		46DEED571C7E3BA0009B30E3 /* Debug */ = {
			isa = XCBuildConfiguration;
			baseConfigurationReference = 3E3D137C92CCB485B3136429 /* Pods.debug.xcconfig */;
			buildSettings = {
				APP_ICON_NAME = "Icon-beta";
				ASSETCATALOG_COMPILER_APPICON_NAME = AppIconTest;
				ASSETCATALOG_COMPILER_LAUNCHIMAGE_NAME = LaunchImage;
				BUNDLE_IDENTIFIER = com.dabdeveloper.DeviceMotionNotifier.test;
				CLANG_ENABLE_MODULES = YES;
				CODE_SIGN_IDENTITY = "iPhone Developer: David Buhauer (L8W6E2RRGK)";
				"CODE_SIGN_IDENTITY[sdk=iphoneos*]" = "iPhone Developer";
				CURRENT_PROJECT_VERSION = 1005;
				DEBUG_INFORMATION_FORMAT = "dwarf-with-dsym";
				DEFINES_MODULE = YES;
				EMBEDDED_CONTENT_CONTAINS_SWIFT = YES;
				ENABLE_BITCODE = NO;
				FRAMEWORK_SEARCH_PATHS = (
					"$(inherited)",
					"$(PROJECT_DIR)",
					"${PODS_ROOT}/Fabric/iOS",
					"${PODS_ROOT}/Crashlytics/iOS",
				);
				GCC_PREPROCESSOR_DEFINITIONS = "$(inherited)";
				INFOPLIST_FILE = DeviceMotionNotifier/Info.plist;
				IPHONEOS_DEPLOYMENT_TARGET = 9.0;
				LD_RUNPATH_SEARCH_PATHS = "$(inherited) @executable_path/Frameworks";
				LIBRARY_SEARCH_PATHS = "$(inherited)";
				OTHER_SWIFT_FLAGS = "$(inherited)";
				PODS_FRAMEWORK_BUILD_PATH = "$(BUILD_DIR)/$(CONFIGURATION)$(EFFECTIVE_PLATFORM_NAME)/Pods";
				PRODUCT_BUNDLE_IDENTIFIER = com.dabdeveloper.DeviceMotionNotifier;
				PRODUCT_NAME = "$(TARGET_NAME)";
				PROVISIONING_PROFILE = "0d27be72-2fda-4400-aa11-9f219bf08b68";
				SWIFT_OBJC_BRIDGING_HEADER = "DeviceMotionNotifier/DeviceMotionNotifier-Bridging-Header.h";
				SWIFT_OPTIMIZATION_LEVEL = "-Onone";
				TARGETED_DEVICE_FAMILY = "1,2";
				VERSIONING_SYSTEM = "apple-generic";
			};
			name = Debug;
		};
		46DEED581C7E3BA0009B30E3 /* Release */ = {
			isa = XCBuildConfiguration;
			baseConfigurationReference = 1E215A39599922A0C783135D /* Pods.release.xcconfig */;
			buildSettings = {
				APP_ICON_NAME = Icon;
				ASSETCATALOG_COMPILER_APPICON_NAME = AppIcon;
				ASSETCATALOG_COMPILER_LAUNCHIMAGE_NAME = LaunchImage;
				BUNDLE_IDENTIFIER = com.dabdeveloper.DeviceMotionNotifier;
				CLANG_ENABLE_MODULES = YES;
				CODE_SIGN_IDENTITY = "iPhone Distribution: David Buhauer (WC3CDPK7H2)";
				"CODE_SIGN_IDENTITY[sdk=iphoneos*]" = "iPhone Developer";
				CURRENT_PROJECT_VERSION = 1005;
				DEFINES_MODULE = YES;
				EMBEDDED_CONTENT_CONTAINS_SWIFT = YES;
				ENABLE_BITCODE = NO;
				FRAMEWORK_SEARCH_PATHS = (
					"$(inherited)",
					"$(PROJECT_DIR)",
					"${PODS_ROOT}/Fabric/iOS",
					"${PODS_ROOT}/Crashlytics/iOS",
				);
				GCC_PREPROCESSOR_DEFINITIONS = "$(inherited)";
				INFOPLIST_FILE = DeviceMotionNotifier/Info.plist;
				IPHONEOS_DEPLOYMENT_TARGET = 9.0;
				LD_RUNPATH_SEARCH_PATHS = "$(inherited) @executable_path/Frameworks";
				LIBRARY_SEARCH_PATHS = "$(inherited)";
				OTHER_SWIFT_FLAGS = "$(inherited) \"-D\" \"COCOAPODS\"";
				PODS_FRAMEWORK_BUILD_PATH = "$(BUILD_DIR)/$(CONFIGURATION)$(EFFECTIVE_PLATFORM_NAME)/Pods";
				PRODUCT_BUNDLE_IDENTIFIER = com.dabdeveloper.DeviceMotionNotifier;
				PRODUCT_NAME = "$(TARGET_NAME)";
				PROVISIONING_PROFILE = "0d27be72-2fda-4400-aa11-9f219bf08b68";
				SWIFT_OBJC_BRIDGING_HEADER = "DeviceMotionNotifier/DeviceMotionNotifier-Bridging-Header.h";
				TARGETED_DEVICE_FAMILY = "1,2";
				VERSIONING_SYSTEM = "apple-generic";
			};
			name = Release;
		};
		46DF5AB21CD9179A00449517 /* Test */ = {
			isa = XCBuildConfiguration;
			buildSettings = {
				ALWAYS_SEARCH_USER_PATHS = NO;
				CLANG_CXX_LANGUAGE_STANDARD = "gnu++0x";
				CLANG_CXX_LIBRARY = "libc++";
				CLANG_ENABLE_MODULES = YES;
				CLANG_ENABLE_OBJC_ARC = YES;
				CLANG_WARN_BOOL_CONVERSION = YES;
				CLANG_WARN_CONSTANT_CONVERSION = YES;
				CLANG_WARN_DIRECT_OBJC_ISA_USAGE = YES_ERROR;
				CLANG_WARN_EMPTY_BODY = YES;
				CLANG_WARN_ENUM_CONVERSION = YES;
				CLANG_WARN_INT_CONVERSION = YES;
				CLANG_WARN_OBJC_ROOT_CLASS = YES_ERROR;
				CLANG_WARN_UNREACHABLE_CODE = YES;
				CLANG_WARN__DUPLICATE_METHOD_MATCH = YES;
				"CODE_SIGN_IDENTITY[sdk=iphoneos*]" = "iPhone Developer";
				COPY_PHASE_STRIP = NO;
				DEBUG_INFORMATION_FORMAT = "dwarf-with-dsym";
				ENABLE_NS_ASSERTIONS = NO;
				ENABLE_STRICT_OBJC_MSGSEND = YES;
				GCC_C_LANGUAGE_STANDARD = gnu99;
				GCC_NO_COMMON_BLOCKS = YES;
				GCC_PREPROCESSOR_DEFINITIONS = "TEST=1";
				GCC_WARN_64_TO_32_BIT_CONVERSION = YES;
				GCC_WARN_ABOUT_RETURN_TYPE = YES_ERROR;
				GCC_WARN_UNDECLARED_SELECTOR = YES;
				GCC_WARN_UNINITIALIZED_AUTOS = YES_AGGRESSIVE;
				GCC_WARN_UNUSED_FUNCTION = YES;
				GCC_WARN_UNUSED_VARIABLE = YES;
				IPHONEOS_DEPLOYMENT_TARGET = 9.0;
				MTL_ENABLE_DEBUG_INFO = NO;
				SDKROOT = iphoneos;
				VALIDATE_PRODUCT = NO;
			};
			name = Test;
		};
		46DF5AB31CD9179A00449517 /* Test */ = {
			isa = XCBuildConfiguration;
			baseConfigurationReference = 1E215A39599922A0C783135D /* Pods.release.xcconfig */;
			buildSettings = {
				APP_ICON_NAME = "Icon-beta";
				ASSETCATALOG_COMPILER_APPICON_NAME = AppIconTest;
				ASSETCATALOG_COMPILER_LAUNCHIMAGE_NAME = LaunchImage;
				BUNDLE_IDENTIFIER = com.dabdeveloper.DeviceMotionNotifier.test;
				CLANG_ENABLE_MODULES = YES;
				CODE_SIGN_IDENTITY = "iPhone Developer: David Buhauer (L8W6E2RRGK)";
				"CODE_SIGN_IDENTITY[sdk=iphoneos*]" = "iPhone Developer";
				CURRENT_PROJECT_VERSION = 1005;
				DEFINES_MODULE = YES;
				EMBEDDED_CONTENT_CONTAINS_SWIFT = YES;
				ENABLE_BITCODE = NO;
				ENABLE_NS_ASSERTIONS = YES;
				FRAMEWORK_SEARCH_PATHS = (
					"$(inherited)",
					"$(PROJECT_DIR)",
					"${PODS_ROOT}/Fabric/iOS",
					"${PODS_ROOT}/Crashlytics/iOS",
				);
				GCC_PREPROCESSOR_DEFINITIONS = "$(inherited)";
				INFOPLIST_FILE = DeviceMotionNotifier/Info.plist;
				IPHONEOS_DEPLOYMENT_TARGET = 9.0;
				LD_RUNPATH_SEARCH_PATHS = "$(inherited) @executable_path/Frameworks";
				LIBRARY_SEARCH_PATHS = "$(inherited)";
				OTHER_SWIFT_FLAGS = "$(inherited) \"-D\" \"COCOAPODS\"";
				PODS_FRAMEWORK_BUILD_PATH = "$(BUILD_DIR)/$(CONFIGURATION)$(EFFECTIVE_PLATFORM_NAME)/Pods";
				PRODUCT_BUNDLE_IDENTIFIER = com.dabdeveloper.DeviceMotionNotifier;
				PRODUCT_NAME = "$(TARGET_NAME)";
				PROVISIONING_PROFILE = "0d27be72-2fda-4400-aa11-9f219bf08b68";
				SWIFT_OBJC_BRIDGING_HEADER = "DeviceMotionNotifier/DeviceMotionNotifier-Bridging-Header.h";
				TARGETED_DEVICE_FAMILY = "1,2";
				VERSIONING_SYSTEM = "apple-generic";
			};
			name = Test;
		};
		46FFBDD41CDF6E7900EFF2D0 /* Debug */ = {
			isa = XCBuildConfiguration;
			buildSettings = {
				CLANG_ANALYZER_NONNULL = YES;
				DEBUG_INFORMATION_FORMAT = dwarf;
				INFOPLIST_FILE = GotyahUITests/Info.plist;
				IPHONEOS_DEPLOYMENT_TARGET = 9.3;
				LD_RUNPATH_SEARCH_PATHS = "$(inherited) @executable_path/Frameworks @loader_path/Frameworks";
				PRODUCT_BUNDLE_IDENTIFIER = com.dabdeveloper.GotyahUITests;
				PRODUCT_NAME = "$(TARGET_NAME)";
				PROVISIONING_PROFILE = "4e1206fe-0bec-491a-8ed7-5faf4afa50c4";
				TEST_TARGET_NAME = Gotyah;
			};
			name = Debug;
		};
		46FFBDD51CDF6E7900EFF2D0 /* Release */ = {
			isa = XCBuildConfiguration;
			buildSettings = {
				CLANG_ANALYZER_NONNULL = YES;
				INFOPLIST_FILE = GotyahUITests/Info.plist;
				IPHONEOS_DEPLOYMENT_TARGET = 9.3;
				LD_RUNPATH_SEARCH_PATHS = "$(inherited) @executable_path/Frameworks @loader_path/Frameworks";
				PRODUCT_BUNDLE_IDENTIFIER = com.dabdeveloper.GotyahUITests;
				PRODUCT_NAME = "$(TARGET_NAME)";
				PROVISIONING_PROFILE = "4e1206fe-0bec-491a-8ed7-5faf4afa50c4";
				TEST_TARGET_NAME = Gotyah;
			};
			name = Release;
		};
		46FFBDD61CDF6E7900EFF2D0 /* Test */ = {
			isa = XCBuildConfiguration;
			buildSettings = {
				CLANG_ANALYZER_NONNULL = YES;
				INFOPLIST_FILE = GotyahUITests/Info.plist;
				IPHONEOS_DEPLOYMENT_TARGET = 9.3;
				LD_RUNPATH_SEARCH_PATHS = "$(inherited) @executable_path/Frameworks @loader_path/Frameworks";
				PRODUCT_BUNDLE_IDENTIFIER = com.dabdeveloper.GotyahUITests;
				PRODUCT_NAME = "$(TARGET_NAME)";
				PROVISIONING_PROFILE = "4e1206fe-0bec-491a-8ed7-5faf4afa50c4";
				TEST_TARGET_NAME = Gotyah;
			};
			name = Test;
		};
/* End XCBuildConfiguration section */

/* Begin XCConfigurationList section */
		46DEED291C7E3B9F009B30E3 /* Build configuration list for PBXProject "Gotyah" */ = {
			isa = XCConfigurationList;
			buildConfigurations = (
				46DEED541C7E3BA0009B30E3 /* Debug */,
				46DEED551C7E3BA0009B30E3 /* Release */,
				46DF5AB21CD9179A00449517 /* Test */,
			);
			defaultConfigurationIsVisible = 0;
			defaultConfigurationName = Release;
		};
		46DEED561C7E3BA0009B30E3 /* Build configuration list for PBXNativeTarget "Gotyah" */ = {
			isa = XCConfigurationList;
			buildConfigurations = (
				46DEED571C7E3BA0009B30E3 /* Debug */,
				46DEED581C7E3BA0009B30E3 /* Release */,
				46DF5AB31CD9179A00449517 /* Test */,
			);
			defaultConfigurationIsVisible = 0;
			defaultConfigurationName = Release;
		};
		46FFBDD31CDF6E7900EFF2D0 /* Build configuration list for PBXNativeTarget "GotyahUITests" */ = {
			isa = XCConfigurationList;
			buildConfigurations = (
				46FFBDD41CDF6E7900EFF2D0 /* Debug */,
				46FFBDD51CDF6E7900EFF2D0 /* Release */,
				46FFBDD61CDF6E7900EFF2D0 /* Test */,
			);
			defaultConfigurationIsVisible = 0;
			defaultConfigurationName = Release;
		};
/* End XCConfigurationList section */
	};
	rootObject = 46DEED261C7E3B9F009B30E3 /* Project object */;
}
